{
  "name": "waf",
  "lockfileVersion": 3,
  "requires": true,
  "packages": {
    "": {
      "dependencies": {
        "ui-extjs": "^7.0.0"
      }
    },
    "node_modules/ui-extjs": {
      "version": "7.0.0",
      "resolved": "https://registry.npmjs.org/ui-extjs/-/ui-extjs-7.0.0.tgz",
      "integrity": "sha512-3gCyk2L2nGbxVHINl9G4mTlWeViLprFln/sQxzv5fqEwRNEmoD5KLa7fwG6yKuXvQVDo2wPoXjd5JvOYiS7FfA==",
      "license": "ISC"
    }
  }
}
